// !$*UTF8*$!
{
	archiveVersion = 1;
	classes = {
	};
	objectVersion = 48;
	objects = {

/* Begin PBXBuildFile section */
		1C30200EC20143442F85D205 /* libPods.a in Frameworks */ = {isa = PBXBuildFile; fileRef = 66C3DC2805F081877369A5DC /* libPods.a */; };
		EA6791881CB1C1B3001E8AED /* JSONValueTransformer+ISO8601.m in Sources */ = {isa = PBXBuildFile; fileRef = EA6791651CB1C1B3001E8AED /* JSONValueTransformer+ISO8601.m */; };
		EA6791891CB1C1B3001E8AED /* SWGApiClient.m in Sources */ = {isa = PBXBuildFile; fileRef = EA6791671CB1C1B3001E8AED /* SWGApiClient.m */; };
		EA67918A1CB1C1B3001E8AED /* SWGApiResponse.m in Sources */ = {isa = PBXBuildFile; fileRef = EA6791691CB1C1B3001E8AED /* SWGApiResponse.m */; };
		EA67918B1CB1C1B3001E8AED /* SWGConfiguration.m in Sources */ = {isa = PBXBuildFile; fileRef = EA67916B1CB1C1B3001E8AED /* SWGConfiguration.m */; };
		EA67918C1CB1C1B3001E8AED /* SWGDefaultApi.m in Sources */ = {isa = PBXBuildFile; fileRef = EA67916D1CB1C1B3001E8AED /* SWGDefaultApi.m */; };
		EA67918D1CB1C1B3001E8AED /* SWGEnvironmentApi.m in Sources */ = {isa = PBXBuildFile; fileRef = EA67916F1CB1C1B3001E8AED /* SWGEnvironmentApi.m */; };
		EA67918E1CB1C1B3001E8AED /* SWGJSONRequestSerializer.m in Sources */ = {isa = PBXBuildFile; fileRef = EA6791711CB1C1B3001E8AED /* SWGJSONRequestSerializer.m */; };
		EA67918F1CB1C1B3001E8AED /* SWGJSONResponseSerializer.m in Sources */ = {isa = PBXBuildFile; fileRef = EA6791731CB1C1B3001E8AED /* SWGJSONResponseSerializer.m */; };
		EA6791901CB1C1B3001E8AED /* SWGLightingSummary.m in Sources */ = {isa = PBXBuildFile; fileRef = EA6791751CB1C1B3001E8AED /* SWGLightingSummary.m */; };
		EA6791911CB1C1B3001E8AED /* SWGLightingZone.m in Sources */ = {isa = PBXBuildFile; fileRef = EA6791771CB1C1B3001E8AED /* SWGLightingZone.m */; };
		EA6791921CB1C1B3001E8AED /* SWGLightingZoneStatus.m in Sources */ = {isa = PBXBuildFile; fileRef = EA6791791CB1C1B3001E8AED /* SWGLightingZoneStatus.m */; };
		EA6791931CB1C1B3001E8AED /* SWGObject.m in Sources */ = {isa = PBXBuildFile; fileRef = EA67917B1CB1C1B3001E8AED /* SWGObject.m */; };
		EA6791941CB1C1B3001E8AED /* SWGQueryParamCollection.m in Sources */ = {isa = PBXBuildFile; fileRef = EA67917D1CB1C1B3001E8AED /* SWGQueryParamCollection.m */; };
		EA6791951CB1C1B3001E8AED /* SWGTemperatueZoneStatus.m in Sources */ = {isa = PBXBuildFile; fileRef = EA67917F1CB1C1B3001E8AED /* SWGTemperatueZoneStatus.m */; };
		EA6791961CB1C1B3001E8AED /* SWGTemperatureSummary.m in Sources */ = {isa = PBXBuildFile; fileRef = EA6791811CB1C1B3001E8AED /* SWGTemperatureSummary.m */; };
		EA6791971CB1C1B3001E8AED /* SWGTemperatureZone.m in Sources */ = {isa = PBXBuildFile; fileRef = EA6791831CB1C1B3001E8AED /* SWGTemperatureZone.m */; };
		EA6791981CB1C1B3001E8AED /* SWGZonesApi.m in Sources */ = {isa = PBXBuildFile; fileRef = EA6791851CB1C1B3001E8AED /* SWGZonesApi.m */; };
		EA6791991CB1C1B3001E8AED /* SWGZWaveApi.m in Sources */ = {isa = PBXBuildFile; fileRef = EA6791871CB1C1B3001E8AED /* SWGZWaveApi.m */; };
		EA67919C1CB1C5CE001E8AED /* SWGDeviceState.m in Sources */ = {isa = PBXBuildFile; fileRef = EA67919B1CB1C5CE001E8AED /* SWGDeviceState.m */; };
		EA6A7BF61A8C8E9000DD9740 /* CoreBluetooth.framework in Frameworks */ = {isa = PBXBuildFile; fileRef = EA6A7BF51A8C8E9000DD9740 /* CoreBluetooth.framework */; };
		EA6A7BF81A8C8E9800DD9740 /* CoreLocation.framework in Frameworks */ = {isa = PBXBuildFile; fileRef = EA6A7BF71A8C8E9800DD9740 /* CoreLocation.framework */; };
		EA9386CC1A1A4A230001C1E8 /* AppDelegate.h in Sources */ = {isa = PBXBuildFile; fileRef = EAD7266F1A05EBEC0001FA51 /* AppDelegate.h */; };
		EA9386CD1A1A4A230001C1E8 /* AppDelegate.m in Sources */ = {isa = PBXBuildFile; fileRef = EAD726701A05EBEC0001FA51 /* AppDelegate.m */; };
		EA9386CE1A1A4A230001C1E8 /* FirstViewController.h in Sources */ = {isa = PBXBuildFile; fileRef = EAD726721A05EBEC0001FA51 /* FirstViewController.h */; };
		EA9386CF1A1A4A230001C1E8 /* FirstViewController.m in Sources */ = {isa = PBXBuildFile; fileRef = EAD726731A05EBEC0001FA51 /* FirstViewController.m */; };
		EA9386D01A1A4A230001C1E8 /* SecondViewController.h in Sources */ = {isa = PBXBuildFile; fileRef = EAD726751A05EBEC0001FA51 /* SecondViewController.h */; };
		EA9386D11A1A4A230001C1E8 /* SecondViewController.m in Sources */ = {isa = PBXBuildFile; fileRef = EAD726761A05EBEC0001FA51 /* SecondViewController.m */; };
		EA9386D21A1A4A230001C1E8 /* ThirdViewController.h in Sources */ = {isa = PBXBuildFile; fileRef = EA3151071A19BC3E0029E91B /* ThirdViewController.h */; };
		EA9386D31A1A4A230001C1E8 /* ThirdViewController.m in Sources */ = {isa = PBXBuildFile; fileRef = EA3151081A19BC3E0029E91B /* ThirdViewController.m */; };
		EA9386D41A1A4A230001C1E8 /* main.m in Sources */ = {isa = PBXBuildFile; fileRef = EAD7266D1A05EBEC0001FA51 /* main.m */; };
		EAB373011A3BABDA007AFB51 /* logo_sad_swagger.png in Resources */ = {isa = PBXBuildFile; fileRef = EAB373001A3BABDA007AFB51 /* logo_sad_swagger.png */; };
		EAB373071A3BB62E007AFB51 /* SwaggerController.m in Sources */ = {isa = PBXBuildFile; fileRef = EAB373061A3BB62E007AFB51 /* SwaggerController.m */; };
		EAB794501CB1F8B20034D7F5 /* SWGHeaterState.m in Sources */ = {isa = PBXBuildFile; fileRef = EAB7944F1CB1F8B20034D7F5 /* SWGHeaterState.m */; };
		EAD7267A1A05EBEC0001FA51 /* Main.storyboard in Resources */ = {isa = PBXBuildFile; fileRef = EAD726781A05EBEC0001FA51 /* Main.storyboard */; };
		EAD7267C1A05EBEC0001FA51 /* Images.xcassets in Resources */ = {isa = PBXBuildFile; fileRef = EAD7267B1A05EBEC0001FA51 /* Images.xcassets */; };
		EAD7267F1A05EBEC0001FA51 /* LaunchScreen.xib in Resources */ = {isa = PBXBuildFile; fileRef = EAD7267D1A05EBEC0001FA51 /* LaunchScreen.xib */; };
		EADD2CEF1A184C97002301AA /* portal-sleep-icon.png in Resources */ = {isa = PBXBuildFile; fileRef = EADD2CEE1A184C97002301AA /* portal-sleep-icon.png */; };
		EADD2CF11A185938002301AA /* CoreFoundation.framework in Frameworks */ = {isa = PBXBuildFile; fileRef = EADD2CF01A185938002301AA /* CoreFoundation.framework */; };
		EADD2CF31A18593F002301AA /* Foundation.framework in Frameworks */ = {isa = PBXBuildFile; fileRef = EADD2CF21A18593F002301AA /* Foundation.framework */; };
		EADD2CF51A18594A002301AA /* MobileCoreServices.framework in Frameworks */ = {isa = PBXBuildFile; fileRef = EADD2CF41A18594A002301AA /* MobileCoreServices.framework */; };
		EADD2CF71A185957002301AA /* SystemConfiguration.framework in Frameworks */ = {isa = PBXBuildFile; fileRef = EADD2CF61A185957002301AA /* SystemConfiguration.framework */; };
		EADD2CFC1A18891F002301AA /* logo_swagger.png in Resources */ = {isa = PBXBuildFile; fileRef = EADD2CFB1A18891F002301AA /* logo_swagger.png */; };
		EAE786EF1A1DC62200C989DC /* FourthViewController.m in Sources */ = {isa = PBXBuildFile; fileRef = EAE786EE1A1DC62200C989DC /* FourthViewController.m */; };
/* End PBXBuildFile section */

/* Begin PBXContainerItemProxy section */
		EAD726851A05EBEC0001FA51 /* PBXContainerItemProxy */ = {
			isa = PBXContainerItemProxy;
			containerPortal = EAD726601A05EBEC0001FA51 /* Project object */;
			proxyType = 1;
			remoteGlobalIDString = EAD726671A05EBEC0001FA51;
			remoteInfo = SFTHClient;
		};
/* End PBXContainerItemProxy section */

/* Begin PBXFileReference section */
		0792E25DE1F3BAA253DF3E4D /* Pods.debug.xcconfig */ = {isa = PBXFileReference; includeInIndex = 1; lastKnownFileType = text.xcconfig; name = Pods.debug.xcconfig; path = "../Pods/Target Support Files/Pods/Pods.debug.xcconfig"; sourceTree = "<group>"; };
		66C3DC2805F081877369A5DC /* libPods.a */ = {isa = PBXFileReference; explicitFileType = archive.ar; includeInIndex = 0; path = libPods.a; sourceTree = BUILT_PRODUCTS_DIR; };
		D814A246C17394CA26D28DAA /* Pods.release.xcconfig */ = {isa = PBXFileReference; includeInIndex = 1; lastKnownFileType = text.xcconfig; name = Pods.release.xcconfig; path = "../Pods/Target Support Files/Pods/Pods.release.xcconfig"; sourceTree = "<group>"; };
		EA3151071A19BC3E0029E91B /* ThirdViewController.h */ = {isa = PBXFileReference; fileEncoding = 4; lastKnownFileType = sourcecode.c.h; path = ThirdViewController.h; sourceTree = "<group>"; };
		EA3151081A19BC3E0029E91B /* ThirdViewController.m */ = {isa = PBXFileReference; fileEncoding = 4; lastKnownFileType = sourcecode.c.objc; path = ThirdViewController.m; sourceTree = "<group>"; };
		EA6791641CB1C1B3001E8AED /* JSONValueTransformer+ISO8601.h */ = {isa = PBXFileReference; fileEncoding = 4; lastKnownFileType = sourcecode.c.h; path = "JSONValueTransformer+ISO8601.h"; sourceTree = "<group>"; };
		EA6791651CB1C1B3001E8AED /* JSONValueTransformer+ISO8601.m */ = {isa = PBXFileReference; fileEncoding = 4; lastKnownFileType = sourcecode.c.objc; path = "JSONValueTransformer+ISO8601.m"; sourceTree = "<group>"; };
		EA6791661CB1C1B3001E8AED /* SWGApiClient.h */ = {isa = PBXFileReference; fileEncoding = 4; lastKnownFileType = sourcecode.c.h; path = SWGApiClient.h; sourceTree = "<group>"; };
		EA6791671CB1C1B3001E8AED /* SWGApiClient.m */ = {isa = PBXFileReference; fileEncoding = 4; lastKnownFileType = sourcecode.c.objc; path = SWGApiClient.m; sourceTree = "<group>"; };
		EA6791681CB1C1B3001E8AED /* SWGApiResponse.h */ = {isa = PBXFileReference; fileEncoding = 4; lastKnownFileType = sourcecode.c.h; path = SWGApiResponse.h; sourceTree = "<group>"; };
		EA6791691CB1C1B3001E8AED /* SWGApiResponse.m */ = {isa = PBXFileReference; fileEncoding = 4; lastKnownFileType = sourcecode.c.objc; path = SWGApiResponse.m; sourceTree = "<group>"; };
		EA67916A1CB1C1B3001E8AED /* SWGConfiguration.h */ = {isa = PBXFileReference; fileEncoding = 4; lastKnownFileType = sourcecode.c.h; path = SWGConfiguration.h; sourceTree = "<group>"; };
		EA67916B1CB1C1B3001E8AED /* SWGConfiguration.m */ = {isa = PBXFileReference; fileEncoding = 4; lastKnownFileType = sourcecode.c.objc; path = SWGConfiguration.m; sourceTree = "<group>"; };
		EA67916C1CB1C1B3001E8AED /* SWGDefaultApi.h */ = {isa = PBXFileReference; fileEncoding = 4; lastKnownFileType = sourcecode.c.h; path = SWGDefaultApi.h; sourceTree = "<group>"; };
		EA67916D1CB1C1B3001E8AED /* SWGDefaultApi.m */ = {isa = PBXFileReference; fileEncoding = 4; lastKnownFileType = sourcecode.c.objc; path = SWGDefaultApi.m; sourceTree = "<group>"; };
		EA67916E1CB1C1B3001E8AED /* SWGEnvironmentApi.h */ = {isa = PBXFileReference; fileEncoding = 4; lastKnownFileType = sourcecode.c.h; path = SWGEnvironmentApi.h; sourceTree = "<group>"; };
		EA67916F1CB1C1B3001E8AED /* SWGEnvironmentApi.m */ = {isa = PBXFileReference; fileEncoding = 4; lastKnownFileType = sourcecode.c.objc; path = SWGEnvironmentApi.m; sourceTree = "<group>"; };
		EA6791701CB1C1B3001E8AED /* SWGJSONRequestSerializer.h */ = {isa = PBXFileReference; fileEncoding = 4; lastKnownFileType = sourcecode.c.h; path = SWGJSONRequestSerializer.h; sourceTree = "<group>"; };
		EA6791711CB1C1B3001E8AED /* SWGJSONRequestSerializer.m */ = {isa = PBXFileReference; fileEncoding = 4; lastKnownFileType = sourcecode.c.objc; path = SWGJSONRequestSerializer.m; sourceTree = "<group>"; };
		EA6791721CB1C1B3001E8AED /* SWGJSONResponseSerializer.h */ = {isa = PBXFileReference; fileEncoding = 4; lastKnownFileType = sourcecode.c.h; path = SWGJSONResponseSerializer.h; sourceTree = "<group>"; };
		EA6791731CB1C1B3001E8AED /* SWGJSONResponseSerializer.m */ = {isa = PBXFileReference; fileEncoding = 4; lastKnownFileType = sourcecode.c.objc; path = SWGJSONResponseSerializer.m; sourceTree = "<group>"; };
		EA6791741CB1C1B3001E8AED /* SWGLightingSummary.h */ = {isa = PBXFileReference; fileEncoding = 4; lastKnownFileType = sourcecode.c.h; path = SWGLightingSummary.h; sourceTree = "<group>"; };
		EA6791751CB1C1B3001E8AED /* SWGLightingSummary.m */ = {isa = PBXFileReference; fileEncoding = 4; lastKnownFileType = sourcecode.c.objc; path = SWGLightingSummary.m; sourceTree = "<group>"; };
		EA6791761CB1C1B3001E8AED /* SWGLightingZone.h */ = {isa = PBXFileReference; fileEncoding = 4; lastKnownFileType = sourcecode.c.h; path = SWGLightingZone.h; sourceTree = "<group>"; };
		EA6791771CB1C1B3001E8AED /* SWGLightingZone.m */ = {isa = PBXFileReference; fileEncoding = 4; lastKnownFileType = sourcecode.c.objc; path = SWGLightingZone.m; sourceTree = "<group>"; };
		EA6791781CB1C1B3001E8AED /* SWGLightingZoneStatus.h */ = {isa = PBXFileReference; fileEncoding = 4; lastKnownFileType = sourcecode.c.h; path = SWGLightingZoneStatus.h; sourceTree = "<group>"; };
		EA6791791CB1C1B3001E8AED /* SWGLightingZoneStatus.m */ = {isa = PBXFileReference; fileEncoding = 4; lastKnownFileType = sourcecode.c.objc; path = SWGLightingZoneStatus.m; sourceTree = "<group>"; };
		EA67917A1CB1C1B3001E8AED /* SWGObject.h */ = {isa = PBXFileReference; fileEncoding = 4; lastKnownFileType = sourcecode.c.h; path = SWGObject.h; sourceTree = "<group>"; };
		EA67917B1CB1C1B3001E8AED /* SWGObject.m */ = {isa = PBXFileReference; fileEncoding = 4; lastKnownFileType = sourcecode.c.objc; path = SWGObject.m; sourceTree = "<group>"; };
		EA67917C1CB1C1B3001E8AED /* SWGQueryParamCollection.h */ = {isa = PBXFileReference; fileEncoding = 4; lastKnownFileType = sourcecode.c.h; path = SWGQueryParamCollection.h; sourceTree = "<group>"; };
		EA67917D1CB1C1B3001E8AED /* SWGQueryParamCollection.m */ = {isa = PBXFileReference; fileEncoding = 4; lastKnownFileType = sourcecode.c.objc; path = SWGQueryParamCollection.m; sourceTree = "<group>"; };
		EA67917E1CB1C1B3001E8AED /* SWGTemperatueZoneStatus.h */ = {isa = PBXFileReference; fileEncoding = 4; lastKnownFileType = sourcecode.c.h; path = SWGTemperatueZoneStatus.h; sourceTree = "<group>"; };
		EA67917F1CB1C1B3001E8AED /* SWGTemperatueZoneStatus.m */ = {isa = PBXFileReference; fileEncoding = 4; lastKnownFileType = sourcecode.c.objc; path = SWGTemperatueZoneStatus.m; sourceTree = "<group>"; };
		EA6791801CB1C1B3001E8AED /* SWGTemperatureSummary.h */ = {isa = PBXFileReference; fileEncoding = 4; lastKnownFileType = sourcecode.c.h; path = SWGTemperatureSummary.h; sourceTree = "<group>"; };
		EA6791811CB1C1B3001E8AED /* SWGTemperatureSummary.m */ = {isa = PBXFileReference; fileEncoding = 4; lastKnownFileType = sourcecode.c.objc; path = SWGTemperatureSummary.m; sourceTree = "<group>"; };
		EA6791821CB1C1B3001E8AED /* SWGTemperatureZone.h */ = {isa = PBXFileReference; fileEncoding = 4; lastKnownFileType = sourcecode.c.h; path = SWGTemperatureZone.h; sourceTree = "<group>"; };
		EA6791831CB1C1B3001E8AED /* SWGTemperatureZone.m */ = {isa = PBXFileReference; fileEncoding = 4; lastKnownFileType = sourcecode.c.objc; path = SWGTemperatureZone.m; sourceTree = "<group>"; };
		EA6791841CB1C1B3001E8AED /* SWGZonesApi.h */ = {isa = PBXFileReference; fileEncoding = 4; lastKnownFileType = sourcecode.c.h; path = SWGZonesApi.h; sourceTree = "<group>"; };
		EA6791851CB1C1B3001E8AED /* SWGZonesApi.m */ = {isa = PBXFileReference; fileEncoding = 4; lastKnownFileType = sourcecode.c.objc; path = SWGZonesApi.m; sourceTree = "<group>"; };
		EA6791861CB1C1B3001E8AED /* SWGZWaveApi.h */ = {isa = PBXFileReference; fileEncoding = 4; lastKnownFileType = sourcecode.c.h; path = SWGZWaveApi.h; sourceTree = "<group>"; };
		EA6791871CB1C1B3001E8AED /* SWGZWaveApi.m */ = {isa = PBXFileReference; fileEncoding = 4; lastKnownFileType = sourcecode.c.objc; path = SWGZWaveApi.m; sourceTree = "<group>"; };
		EA67919A1CB1C5CE001E8AED /* SWGDeviceState.h */ = {isa = PBXFileReference; fileEncoding = 4; lastKnownFileType = sourcecode.c.h; path = SWGDeviceState.h; sourceTree = "<group>"; };
		EA67919B1CB1C5CE001E8AED /* SWGDeviceState.m */ = {isa = PBXFileReference; fileEncoding = 4; lastKnownFileType = sourcecode.c.objc; path = SWGDeviceState.m; sourceTree = "<group>"; };
		EA6A7BF51A8C8E9000DD9740 /* CoreBluetooth.framework */ = {isa = PBXFileReference; lastKnownFileType = wrapper.framework; name = CoreBluetooth.framework; path = System/Library/Frameworks/CoreBluetooth.framework; sourceTree = SDKROOT; };
		EA6A7BF71A8C8E9800DD9740 /* CoreLocation.framework */ = {isa = PBXFileReference; lastKnownFileType = wrapper.framework; name = CoreLocation.framework; path = System/Library/Frameworks/CoreLocation.framework; sourceTree = SDKROOT; };
		EAB373001A3BABDA007AFB51 /* logo_sad_swagger.png */ = {isa = PBXFileReference; lastKnownFileType = image.png; path = logo_sad_swagger.png; sourceTree = "<group>"; };
		EAB373051A3BB62E007AFB51 /* SwaggerController.h */ = {isa = PBXFileReference; fileEncoding = 4; lastKnownFileType = sourcecode.c.h; path = SwaggerController.h; sourceTree = "<group>"; };
		EAB373061A3BB62E007AFB51 /* SwaggerController.m */ = {isa = PBXFileReference; fileEncoding = 4; lastKnownFileType = sourcecode.c.objc; path = SwaggerController.m; sourceTree = "<group>"; };
		EAB7944E1CB1F8B20034D7F5 /* SWGHeaterState.h */ = {isa = PBXFileReference; fileEncoding = 4; lastKnownFileType = sourcecode.c.h; path = SWGHeaterState.h; sourceTree = "<group>"; };
		EAB7944F1CB1F8B20034D7F5 /* SWGHeaterState.m */ = {isa = PBXFileReference; fileEncoding = 4; lastKnownFileType = sourcecode.c.objc; path = SWGHeaterState.m; sourceTree = "<group>"; };
		EAD726681A05EBEC0001FA51 /* SFTHClient.app */ = {isa = PBXFileReference; explicitFileType = wrapper.application; includeInIndex = 0; path = SFTHClient.app; sourceTree = BUILT_PRODUCTS_DIR; };
		EAD7266C1A05EBEC0001FA51 /* Info.plist */ = {isa = PBXFileReference; lastKnownFileType = text.plist.xml; path = Info.plist; sourceTree = "<group>"; };
		EAD7266D1A05EBEC0001FA51 /* main.m */ = {isa = PBXFileReference; lastKnownFileType = sourcecode.c.objc; path = main.m; sourceTree = "<group>"; };
		EAD7266F1A05EBEC0001FA51 /* AppDelegate.h */ = {isa = PBXFileReference; lastKnownFileType = sourcecode.c.h; path = AppDelegate.h; sourceTree = "<group>"; };
		EAD726701A05EBEC0001FA51 /* AppDelegate.m */ = {isa = PBXFileReference; lastKnownFileType = sourcecode.c.objc; path = AppDelegate.m; sourceTree = "<group>"; };
		EAD726721A05EBEC0001FA51 /* FirstViewController.h */ = {isa = PBXFileReference; lastKnownFileType = sourcecode.c.h; path = FirstViewController.h; sourceTree = "<group>"; };
		EAD726731A05EBEC0001FA51 /* FirstViewController.m */ = {isa = PBXFileReference; lastKnownFileType = sourcecode.c.objc; path = FirstViewController.m; sourceTree = "<group>"; };
		EAD726751A05EBEC0001FA51 /* SecondViewController.h */ = {isa = PBXFileReference; lastKnownFileType = sourcecode.c.h; path = SecondViewController.h; sourceTree = "<group>"; };
		EAD726761A05EBEC0001FA51 /* SecondViewController.m */ = {isa = PBXFileReference; lastKnownFileType = sourcecode.c.objc; path = SecondViewController.m; sourceTree = "<group>"; };
		EAD726791A05EBEC0001FA51 /* Base */ = {isa = PBXFileReference; lastKnownFileType = file.storyboard; name = Base; path = Base.lproj/Main.storyboard; sourceTree = "<group>"; };
		EAD7267B1A05EBEC0001FA51 /* Images.xcassets */ = {isa = PBXFileReference; lastKnownFileType = folder.assetcatalog; path = Images.xcassets; sourceTree = "<group>"; };
		EAD7267E1A05EBEC0001FA51 /* Base */ = {isa = PBXFileReference; lastKnownFileType = file.xib; name = Base; path = Base.lproj/LaunchScreen.xib; sourceTree = "<group>"; };
		EAD726841A05EBEC0001FA51 /* SFTHClientTests.xctest */ = {isa = PBXFileReference; explicitFileType = wrapper.cfbundle; includeInIndex = 0; path = SFTHClientTests.xctest; sourceTree = BUILT_PRODUCTS_DIR; };
		EAD726891A05EBEC0001FA51 /* Info.plist */ = {isa = PBXFileReference; lastKnownFileType = text.plist.xml; path = Info.plist; sourceTree = "<group>"; };
		EADD2CEE1A184C97002301AA /* portal-sleep-icon.png */ = {isa = PBXFileReference; lastKnownFileType = image.png; path = "portal-sleep-icon.png"; sourceTree = "<group>"; };
		EADD2CF01A185938002301AA /* CoreFoundation.framework */ = {isa = PBXFileReference; lastKnownFileType = wrapper.framework; name = CoreFoundation.framework; path = System/Library/Frameworks/CoreFoundation.framework; sourceTree = SDKROOT; };
		EADD2CF21A18593F002301AA /* Foundation.framework */ = {isa = PBXFileReference; lastKnownFileType = wrapper.framework; name = Foundation.framework; path = System/Library/Frameworks/Foundation.framework; sourceTree = SDKROOT; };
		EADD2CF41A18594A002301AA /* MobileCoreServices.framework */ = {isa = PBXFileReference; lastKnownFileType = wrapper.framework; name = MobileCoreServices.framework; path = System/Library/Frameworks/MobileCoreServices.framework; sourceTree = SDKROOT; };
		EADD2CF61A185957002301AA /* SystemConfiguration.framework */ = {isa = PBXFileReference; lastKnownFileType = wrapper.framework; name = SystemConfiguration.framework; path = System/Library/Frameworks/SystemConfiguration.framework; sourceTree = SDKROOT; };
		EADD2CFB1A18891F002301AA /* logo_swagger.png */ = {isa = PBXFileReference; lastKnownFileType = image.png; path = logo_swagger.png; sourceTree = "<group>"; };
		EAE786ED1A1DC62200C989DC /* FourthViewController.h */ = {isa = PBXFileReference; fileEncoding = 4; lastKnownFileType = sourcecode.c.h; path = FourthViewController.h; sourceTree = "<group>"; };
		EAE786EE1A1DC62200C989DC /* FourthViewController.m */ = {isa = PBXFileReference; fileEncoding = 4; lastKnownFileType = sourcecode.c.objc; path = FourthViewController.m; sourceTree = "<group>"; };
/* End PBXFileReference section */

/* Begin PBXFrameworksBuildPhase section */
		EAD726651A05EBEC0001FA51 /* Frameworks */ = {
			isa = PBXFrameworksBuildPhase;
			buildActionMask = 2147483647;
			files = (
				EA6A7BF81A8C8E9800DD9740 /* CoreLocation.framework in Frameworks */,
				EA6A7BF61A8C8E9000DD9740 /* CoreBluetooth.framework in Frameworks */,
				EADD2CF71A185957002301AA /* SystemConfiguration.framework in Frameworks */,
				EADD2CF51A18594A002301AA /* MobileCoreServices.framework in Frameworks */,
				EADD2CF31A18593F002301AA /* Foundation.framework in Frameworks */,
				EADD2CF11A185938002301AA /* CoreFoundation.framework in Frameworks */,
				1C30200EC20143442F85D205 /* libPods.a in Frameworks */,
			);
			runOnlyForDeploymentPostprocessing = 0;
		};
		EAD726811A05EBEC0001FA51 /* Frameworks */ = {
			isa = PBXFrameworksBuildPhase;
			buildActionMask = 2147483647;
			files = (
			);
			runOnlyForDeploymentPostprocessing = 0;
		};
/* End PBXFrameworksBuildPhase section */

/* Begin PBXGroup section */
		3684CE424A81F8D53D97528C /* Pods */ = {
			isa = PBXGroup;
			children = (
				0792E25DE1F3BAA253DF3E4D /* Pods.debug.xcconfig */,
				D814A246C17394CA26D28DAA /* Pods.release.xcconfig */,
			);
			name = Pods;
			sourceTree = "<group>";
		};
		A9E3C16C5A87258D0C2EDC4F /* Frameworks */ = {
			isa = PBXGroup;
			children = (
				EA6A7BF71A8C8E9800DD9740 /* CoreLocation.framework */,
				EA6A7BF51A8C8E9000DD9740 /* CoreBluetooth.framework */,
				EADD2CF61A185957002301AA /* SystemConfiguration.framework */,
				EADD2CF41A18594A002301AA /* MobileCoreServices.framework */,
				EADD2CF21A18593F002301AA /* Foundation.framework */,
				EADD2CF01A185938002301AA /* CoreFoundation.framework */,
				66C3DC2805F081877369A5DC /* libPods.a */,
			);
			name = Frameworks;
			sourceTree = "<group>";
		};
		EA6790F71CB1C15B001E8AED /* client */ = {
			isa = PBXGroup;
			children = (
				EAB7944E1CB1F8B20034D7F5 /* SWGHeaterState.h */,
				EAB7944F1CB1F8B20034D7F5 /* SWGHeaterState.m */,
				EA6791641CB1C1B3001E8AED /* JSONValueTransformer+ISO8601.h */,
				EA6791651CB1C1B3001E8AED /* JSONValueTransformer+ISO8601.m */,
				EA6791661CB1C1B3001E8AED /* SWGApiClient.h */,
				EA6791671CB1C1B3001E8AED /* SWGApiClient.m */,
				EA6791681CB1C1B3001E8AED /* SWGApiResponse.h */,
				EA6791691CB1C1B3001E8AED /* SWGApiResponse.m */,
				EA67916A1CB1C1B3001E8AED /* SWGConfiguration.h */,
				EA67916B1CB1C1B3001E8AED /* SWGConfiguration.m */,
				EA67916C1CB1C1B3001E8AED /* SWGDefaultApi.h */,
				EA67916D1CB1C1B3001E8AED /* SWGDefaultApi.m */,
				EA67919A1CB1C5CE001E8AED /* SWGDeviceState.h */,
				EA67919B1CB1C5CE001E8AED /* SWGDeviceState.m */,
				EA67916E1CB1C1B3001E8AED /* SWGEnvironmentApi.h */,
				EA67916F1CB1C1B3001E8AED /* SWGEnvironmentApi.m */,
				EA6791701CB1C1B3001E8AED /* SWGJSONRequestSerializer.h */,
				EA6791711CB1C1B3001E8AED /* SWGJSONRequestSerializer.m */,
				EA6791721CB1C1B3001E8AED /* SWGJSONResponseSerializer.h */,
				EA6791731CB1C1B3001E8AED /* SWGJSONResponseSerializer.m */,
				EA6791741CB1C1B3001E8AED /* SWGLightingSummary.h */,
				EA6791751CB1C1B3001E8AED /* SWGLightingSummary.m */,
				EA6791761CB1C1B3001E8AED /* SWGLightingZone.h */,
				EA6791771CB1C1B3001E8AED /* SWGLightingZone.m */,
				EA6791781CB1C1B3001E8AED /* SWGLightingZoneStatus.h */,
				EA6791791CB1C1B3001E8AED /* SWGLightingZoneStatus.m */,
				EA67917A1CB1C1B3001E8AED /* SWGObject.h */,
				EA67917B1CB1C1B3001E8AED /* SWGObject.m */,
				EA67917C1CB1C1B3001E8AED /* SWGQueryParamCollection.h */,
				EA67917D1CB1C1B3001E8AED /* SWGQueryParamCollection.m */,
				EA67917E1CB1C1B3001E8AED /* SWGTemperatueZoneStatus.h */,
				EA67917F1CB1C1B3001E8AED /* SWGTemperatueZoneStatus.m */,
				EA6791801CB1C1B3001E8AED /* SWGTemperatureSummary.h */,
				EA6791811CB1C1B3001E8AED /* SWGTemperatureSummary.m */,
				EA6791821CB1C1B3001E8AED /* SWGTemperatureZone.h */,
				EA6791831CB1C1B3001E8AED /* SWGTemperatureZone.m */,
				EA6791841CB1C1B3001E8AED /* SWGZonesApi.h */,
				EA6791851CB1C1B3001E8AED /* SWGZonesApi.m */,
				EA6791861CB1C1B3001E8AED /* SWGZWaveApi.h */,
				EA6791871CB1C1B3001E8AED /* SWGZWaveApi.m */,
			);
			name = client;
			sourceTree = "<group>";
		};
		EAD7265F1A05EBEC0001FA51 = {
			isa = PBXGroup;
			children = (
				EAD7266A1A05EBEC0001FA51 /* SFTHClient */,
				EAD726871A05EBEC0001FA51 /* SFTHClientTests */,
				EAD726691A05EBEC0001FA51 /* Products */,
				3684CE424A81F8D53D97528C /* Pods */,
				A9E3C16C5A87258D0C2EDC4F /* Frameworks */,
			);
			sourceTree = "<group>";
		};
		EAD726691A05EBEC0001FA51 /* Products */ = {
			isa = PBXGroup;
			children = (
				EAD726681A05EBEC0001FA51 /* SFTHClient.app */,
				EAD726841A05EBEC0001FA51 /* SFTHClientTests.xctest */,
			);
			name = Products;
			sourceTree = "<group>";
		};
		EAD7266A1A05EBEC0001FA51 /* SFTHClient */ = {
			isa = PBXGroup;
			children = (
				EA6790F71CB1C15B001E8AED /* client */,
				EAB373001A3BABDA007AFB51 /* logo_sad_swagger.png */,
				EADD2CFB1A18891F002301AA /* logo_swagger.png */,
				EADD2CEE1A184C97002301AA /* portal-sleep-icon.png */,
				EAD7266F1A05EBEC0001FA51 /* AppDelegate.h */,
				EAD726701A05EBEC0001FA51 /* AppDelegate.m */,
				EAD726721A05EBEC0001FA51 /* FirstViewController.h */,
				EAD726731A05EBEC0001FA51 /* FirstViewController.m */,
				EAD726751A05EBEC0001FA51 /* SecondViewController.h */,
				EAD726761A05EBEC0001FA51 /* SecondViewController.m */,
				EA3151071A19BC3E0029E91B /* ThirdViewController.h */,
				EA3151081A19BC3E0029E91B /* ThirdViewController.m */,
				EAE786ED1A1DC62200C989DC /* FourthViewController.h */,
				EAE786EE1A1DC62200C989DC /* FourthViewController.m */,
				EAD726781A05EBEC0001FA51 /* Main.storyboard */,
				EAD7267B1A05EBEC0001FA51 /* Images.xcassets */,
				EAD7267D1A05EBEC0001FA51 /* LaunchScreen.xib */,
				EAD7266B1A05EBEC0001FA51 /* Supporting Files */,
				EAB373051A3BB62E007AFB51 /* SwaggerController.h */,
				EAB373061A3BB62E007AFB51 /* SwaggerController.m */,
			);
			path = SFTHClient;
			sourceTree = "<group>";
		};
		EAD7266B1A05EBEC0001FA51 /* Supporting Files */ = {
			isa = PBXGroup;
			children = (
				EAD7266C1A05EBEC0001FA51 /* Info.plist */,
				EAD7266D1A05EBEC0001FA51 /* main.m */,
			);
			name = "Supporting Files";
			sourceTree = "<group>";
		};
		EAD726871A05EBEC0001FA51 /* SFTHClientTests */ = {
			isa = PBXGroup;
			children = (
				EAD726881A05EBEC0001FA51 /* Supporting Files */,
			);
			path = SFTHClientTests;
			sourceTree = "<group>";
		};
		EAD726881A05EBEC0001FA51 /* Supporting Files */ = {
			isa = PBXGroup;
			children = (
				EAD726891A05EBEC0001FA51 /* Info.plist */,
			);
			name = "Supporting Files";
			sourceTree = "<group>";
		};
/* End PBXGroup section */

/* Begin PBXNativeTarget section */
		EAD726671A05EBEC0001FA51 /* SFTHClient */ = {
			isa = PBXNativeTarget;
			buildConfigurationList = EAD7268E1A05EBEC0001FA51 /* Build configuration list for PBXNativeTarget "SFTHClient" */;
			buildPhases = (
				1722DBBA2CEAEAC65246B915 /* Check Pods Manifest.lock */,
				EAD726641A05EBEC0001FA51 /* Sources */,
				EAD726651A05EBEC0001FA51 /* Frameworks */,
				EAD726661A05EBEC0001FA51 /* Resources */,
				6BA0BE65A2867918F0EB429D /* Copy Pods Resources */,
				99D6EAE6AA2143F81C8B9E13 /* Embed Pods Frameworks */,
			);
			buildRules = (
			);
			dependencies = (
			);
			name = SFTHClient;
			productName = SFTHClient;
			productReference = EAD726681A05EBEC0001FA51 /* SFTHClient.app */;
			productType = "com.apple.product-type.application";
		};
		EAD726831A05EBEC0001FA51 /* SFTHClientTests */ = {
			isa = PBXNativeTarget;
			buildConfigurationList = EAD726911A05EBEC0001FA51 /* Build configuration list for PBXNativeTarget "SFTHClientTests" */;
			buildPhases = (
				EAD726801A05EBEC0001FA51 /* Sources */,
				EAD726811A05EBEC0001FA51 /* Frameworks */,
				EAD726821A05EBEC0001FA51 /* Resources */,
			);
			buildRules = (
			);
			dependencies = (
				EAD726861A05EBEC0001FA51 /* PBXTargetDependency */,
			);
			name = SFTHClientTests;
			productName = SFTHClientTests;
			productReference = EAD726841A05EBEC0001FA51 /* SFTHClientTests.xctest */;
			productType = "com.apple.product-type.bundle.unit-test";
		};
/* End PBXNativeTarget section */

/* Begin PBXProject section */
		EAD726601A05EBEC0001FA51 /* Project object */ = {
			isa = PBXProject;
			attributes = {
				LastUpgradeCheck = 0800;
				ORGANIZATIONNAME = Eatbacon;
				TargetAttributes = {
					EAD726671A05EBEC0001FA51 = {
						CreatedOnToolsVersion = 6.1;
						DevelopmentTeam = RGV7LG27C8;
						ProvisioningStyle = Automatic;
						SystemCapabilities = {
							com.apple.BackgroundModes = {
								enabled = 1;
							};
						};
					};
					EAD726831A05EBEC0001FA51 = {
						CreatedOnToolsVersion = 6.1;
						ProvisioningStyle = Automatic;
						TestTargetID = EAD726671A05EBEC0001FA51;
					};
				};
			};
			buildConfigurationList = EAD726631A05EBEC0001FA51 /* Build configuration list for PBXProject "SFTHClient" */;
			compatibilityVersion = "Xcode 8.0";
			developmentRegion = English;
			hasScannedForEncodings = 0;
			knownRegions = (
				en,
				Base,
			);
			mainGroup = EAD7265F1A05EBEC0001FA51;
			productRefGroup = EAD726691A05EBEC0001FA51 /* Products */;
			projectDirPath = "";
			projectRoot = "";
			targets = (
				EAD726671A05EBEC0001FA51 /* SFTHClient */,
				EAD726831A05EBEC0001FA51 /* SFTHClientTests */,
			);
		};
/* End PBXProject section */

/* Begin PBXResourcesBuildPhase section */
		EAD726661A05EBEC0001FA51 /* Resources */ = {
			isa = PBXResourcesBuildPhase;
			buildActionMask = 2147483647;
			files = (
				EAD7267A1A05EBEC0001FA51 /* Main.storyboard in Resources */,
				EADD2CFC1A18891F002301AA /* logo_swagger.png in Resources */,
				EAD7267F1A05EBEC0001FA51 /* LaunchScreen.xib in Resources */,
				EAD7267C1A05EBEC0001FA51 /* Images.xcassets in Resources */,
				EAB373011A3BABDA007AFB51 /* logo_sad_swagger.png in Resources */,
				EADD2CEF1A184C97002301AA /* portal-sleep-icon.png in Resources */,
			);
			runOnlyForDeploymentPostprocessing = 0;
		};
		EAD726821A05EBEC0001FA51 /* Resources */ = {
			isa = PBXResourcesBuildPhase;
			buildActionMask = 2147483647;
			files = (
			);
			runOnlyForDeploymentPostprocessing = 0;
		};
/* End PBXResourcesBuildPhase section */

/* Begin PBXShellScriptBuildPhase section */
		1722DBBA2CEAEAC65246B915 /* Check Pods Manifest.lock */ = {
			isa = PBXShellScriptBuildPhase;
			buildActionMask = 2147483647;
			files = (
			);
			inputPaths = (
			);
			name = "Check Pods Manifest.lock";
			outputPaths = (
			);
			runOnlyForDeploymentPostprocessing = 0;
			shellPath = /bin/sh;
			shellScript = "diff \"${PODS_ROOT}/../Podfile.lock\" \"${PODS_ROOT}/Manifest.lock\" > /dev/null\nif [[ $? != 0 ]] ; then\n    cat << EOM\nerror: The sandbox is not in sync with the Podfile.lock. Run 'pod install' or update your CocoaPods installation.\nEOM\n    exit 1\nfi\n";
			showEnvVarsInLog = 0;
		};
		6BA0BE65A2867918F0EB429D /* Copy Pods Resources */ = {
			isa = PBXShellScriptBuildPhase;
			buildActionMask = 2147483647;
			files = (
			);
			inputPaths = (
			);
			name = "Copy Pods Resources";
			outputPaths = (
			);
			runOnlyForDeploymentPostprocessing = 0;
			shellPath = /bin/sh;
			shellScript = "\"${SRCROOT}/../Pods/Target Support Files/Pods/Pods-resources.sh\"\n";
		};
		99D6EAE6AA2143F81C8B9E13 /* Embed Pods Frameworks */ = {
			isa = PBXShellScriptBuildPhase;
			buildActionMask = 2147483647;
			files = (
			);
			inputPaths = (
			);
			name = "Embed Pods Frameworks";
			outputPaths = (
			);
			runOnlyForDeploymentPostprocessing = 0;
			shellPath = /bin/sh;
			shellScript = "\"${SRCROOT}/../Pods/Target Support Files/Pods/Pods-frameworks.sh\"\n";
			showEnvVarsInLog = 0;
		};
/* End PBXShellScriptBuildPhase section */

/* Begin PBXSourcesBuildPhase section */
		EAD726641A05EBEC0001FA51 /* Sources */ = {
			isa = PBXSourcesBuildPhase;
			buildActionMask = 2147483647;
			files = (
				EA6791941CB1C1B3001E8AED /* SWGQueryParamCollection.m in Sources */,
				EA6791981CB1C1B3001E8AED /* SWGZonesApi.m in Sources */,
				EA6791951CB1C1B3001E8AED /* SWGTemperatueZoneStatus.m in Sources */,
				EA67918E1CB1C1B3001E8AED /* SWGJSONRequestSerializer.m in Sources */,
				EA67918B1CB1C1B3001E8AED /* SWGConfiguration.m in Sources */,
				EA67918C1CB1C1B3001E8AED /* SWGDefaultApi.m in Sources */,
				EA6791901CB1C1B3001E8AED /* SWGLightingSummary.m in Sources */,
				EA67918A1CB1C1B3001E8AED /* SWGApiResponse.m in Sources */,
				EA6791991CB1C1B3001E8AED /* SWGZWaveApi.m in Sources */,
				EAB373071A3BB62E007AFB51 /* SwaggerController.m in Sources */,
				EAE786EF1A1DC62200C989DC /* FourthViewController.m in Sources */,
				EA9386CC1A1A4A230001C1E8 /* AppDelegate.h in Sources */,
				EA9386CD1A1A4A230001C1E8 /* AppDelegate.m in Sources */,
				EA9386CE1A1A4A230001C1E8 /* FirstViewController.h in Sources */,
				EA6791921CB1C1B3001E8AED /* SWGLightingZoneStatus.m in Sources */,
				EA9386CF1A1A4A230001C1E8 /* FirstViewController.m in Sources */,
				EA6791931CB1C1B3001E8AED /* SWGObject.m in Sources */,
				EA9386D01A1A4A230001C1E8 /* SecondViewController.h in Sources */,
				EA6791911CB1C1B3001E8AED /* SWGLightingZone.m in Sources */,
				EA67918F1CB1C1B3001E8AED /* SWGJSONResponseSerializer.m in Sources */,
				EA6791971CB1C1B3001E8AED /* SWGTemperatureZone.m in Sources */,
				EA67918D1CB1C1B3001E8AED /* SWGEnvironmentApi.m in Sources */,
				EA9386D11A1A4A230001C1E8 /* SecondViewController.m in Sources */,
				EA6791881CB1C1B3001E8AED /* JSONValueTransformer+ISO8601.m in Sources */,
				EA9386D21A1A4A230001C1E8 /* ThirdViewController.h in Sources */,
				EAB794501CB1F8B20034D7F5 /* SWGHeaterState.m in Sources */,
				EA9386D31A1A4A230001C1E8 /* ThirdViewController.m in Sources */,
				EA6791891CB1C1B3001E8AED /* SWGApiClient.m in Sources */,
				EA9386D41A1A4A230001C1E8 /* main.m in Sources */,
				EA6791961CB1C1B3001E8AED /* SWGTemperatureSummary.m in Sources */,
				EA67919C1CB1C5CE001E8AED /* SWGDeviceState.m in Sources */,
			);
			runOnlyForDeploymentPostprocessing = 0;
		};
		EAD726801A05EBEC0001FA51 /* Sources */ = {
			isa = PBXSourcesBuildPhase;
			buildActionMask = 2147483647;
			files = (
			);
			runOnlyForDeploymentPostprocessing = 0;
		};
/* End PBXSourcesBuildPhase section */

/* Begin PBXTargetDependency section */
		EAD726861A05EBEC0001FA51 /* PBXTargetDependency */ = {
			isa = PBXTargetDependency;
			target = EAD726671A05EBEC0001FA51 /* SFTHClient */;
			targetProxy = EAD726851A05EBEC0001FA51 /* PBXContainerItemProxy */;
		};
/* End PBXTargetDependency section */

/* Begin PBXVariantGroup section */
		EAD726781A05EBEC0001FA51 /* Main.storyboard */ = {
			isa = PBXVariantGroup;
			children = (
				EAD726791A05EBEC0001FA51 /* Base */,
			);
			name = Main.storyboard;
			sourceTree = "<group>";
		};
		EAD7267D1A05EBEC0001FA51 /* LaunchScreen.xib */ = {
			isa = PBXVariantGroup;
			children = (
				EAD7267E1A05EBEC0001FA51 /* Base */,
			);
			name = LaunchScreen.xib;
			sourceTree = "<group>";
		};
/* End PBXVariantGroup section */

/* Begin XCBuildConfiguration section */
		EAD7268C1A05EBEC0001FA51 /* Debug */ = {
			isa = XCBuildConfiguration;
			buildSettings = {
				ALWAYS_SEARCH_USER_PATHS = NO;
				CLANG_CXX_LANGUAGE_STANDARD = "gnu++0x";
				CLANG_CXX_LIBRARY = "libc++";
				CLANG_ENABLE_MODULES = YES;
				CLANG_ENABLE_OBJC_ARC = YES;
				CLANG_WARN_BOOL_CONVERSION = YES;
				CLANG_WARN_CONSTANT_CONVERSION = YES;
				CLANG_WARN_DIRECT_OBJC_ISA_USAGE = YES_ERROR;
				CLANG_WARN_EMPTY_BODY = YES;
				CLANG_WARN_ENUM_CONVERSION = YES;
				CLANG_WARN_INFINITE_RECURSION = YES;
				CLANG_WARN_INT_CONVERSION = YES;
				CLANG_WARN_OBJC_ROOT_CLASS = YES_ERROR;
				CLANG_WARN_SUSPICIOUS_MOVE = YES;
				CLANG_WARN_UNREACHABLE_CODE = YES;
				CLANG_WARN__DUPLICATE_METHOD_MATCH = YES;
				"CODE_SIGN_IDENTITY[sdk=iphoneos*]" = "";
				COPY_PHASE_STRIP = NO;
				DEVELOPMENT_TEAM = 8856FS8TBG;
				ENABLE_STRICT_OBJC_MSGSEND = YES;
				ENABLE_TESTABILITY = YES;
				GCC_C_LANGUAGE_STANDARD = gnu99;
				GCC_DYNAMIC_NO_PIC = NO;
				GCC_NO_COMMON_BLOCKS = YES;
				GCC_OPTIMIZATION_LEVEL = 0;
				GCC_PRECOMPILE_PREFIX_HEADER = NO;
				GCC_PREPROCESSOR_DEFINITIONS = (
					"DEBUG=1",
					"$(inherited)",
				);
				GCC_SYMBOLS_PRIVATE_EXTERN = NO;
				GCC_WARN_64_TO_32_BIT_CONVERSION = YES;
				GCC_WARN_ABOUT_RETURN_TYPE = YES_ERROR;
				GCC_WARN_UNDECLARED_SELECTOR = YES;
				GCC_WARN_UNINITIALIZED_AUTOS = YES_AGGRESSIVE;
				GCC_WARN_UNUSED_FUNCTION = YES;
				GCC_WARN_UNUSED_VARIABLE = YES;
				IPHONEOS_DEPLOYMENT_TARGET = 8.1;
				MTL_ENABLE_DEBUG_INFO = YES;
				ONLY_ACTIVE_ARCH = YES;
				PROVISIONING_PROFILE = "1d3651ac-f340-4bc7-b4af-04cd4c26cfdf";
				PROVISIONING_PROFILE_SPECIFIER = "";
				SDKROOT = iphoneos;
				TARGETED_DEVICE_FAMILY = "1,2";
			};
			name = Debug;
		};
		EAD7268D1A05EBEC0001FA51 /* Release */ = {
			isa = XCBuildConfiguration;
			buildSettings = {
				ALWAYS_SEARCH_USER_PATHS = NO;
				CLANG_CXX_LANGUAGE_STANDARD = "gnu++0x";
				CLANG_CXX_LIBRARY = "libc++";
				CLANG_ENABLE_MODULES = YES;
				CLANG_ENABLE_OBJC_ARC = YES;
				CLANG_WARN_BOOL_CONVERSION = YES;
				CLANG_WARN_CONSTANT_CONVERSION = YES;
				CLANG_WARN_DIRECT_OBJC_ISA_USAGE = YES_ERROR;
				CLANG_WARN_EMPTY_BODY = YES;
				CLANG_WARN_ENUM_CONVERSION = YES;
				CLANG_WARN_INFINITE_RECURSION = YES;
				CLANG_WARN_INT_CONVERSION = YES;
				CLANG_WARN_OBJC_ROOT_CLASS = YES_ERROR;
				CLANG_WARN_SUSPICIOUS_MOVE = YES;
				CLANG_WARN_UNREACHABLE_CODE = YES;
				CLANG_WARN__DUPLICATE_METHOD_MATCH = YES;
				"CODE_SIGN_IDENTITY[sdk=iphoneos*]" = "";
				COPY_PHASE_STRIP = YES;
				DEVELOPMENT_TEAM = 8856FS8TBG;
				ENABLE_NS_ASSERTIONS = NO;
				ENABLE_STRICT_OBJC_MSGSEND = YES;
				GCC_C_LANGUAGE_STANDARD = gnu99;
				GCC_NO_COMMON_BLOCKS = YES;
				GCC_PRECOMPILE_PREFIX_HEADER = NO;
				GCC_WARN_64_TO_32_BIT_CONVERSION = YES;
				GCC_WARN_ABOUT_RETURN_TYPE = YES_ERROR;
				GCC_WARN_UNDECLARED_SELECTOR = YES;
				GCC_WARN_UNINITIALIZED_AUTOS = YES_AGGRESSIVE;
				GCC_WARN_UNUSED_FUNCTION = YES;
				GCC_WARN_UNUSED_VARIABLE = YES;
				IPHONEOS_DEPLOYMENT_TARGET = 8.1;
				MTL_ENABLE_DEBUG_INFO = NO;
				PROVISIONING_PROFILE = "1d3651ac-f340-4bc7-b4af-04cd4c26cfdf";
				SDKROOT = iphoneos;
				TARGETED_DEVICE_FAMILY = "1,2";
				VALIDATE_PRODUCT = YES;
			};
			name = Release;
		};
		EAD7268F1A05EBEC0001FA51 /* Debug */ = {
			isa = XCBuildConfiguration;
			baseConfigurationReference = 0792E25DE1F3BAA253DF3E4D /* Pods.debug.xcconfig */;
			buildSettings = {
				ASSETCATALOG_COMPILER_APPICON_NAME = AppIcon;
				CODE_SIGN_IDENTITY = "iPhone Developer: tony@eatbacon.org (897AY8373U)";
				"CODE_SIGN_IDENTITY[sdk=iphoneos*]" = "iPhone Developer";
				INFOPLIST_FILE = SFTHClient/Info.plist;
				LD_RUNPATH_SEARCH_PATHS = "$(inherited) @executable_path/Frameworks";
				PRODUCT_BUNDLE_IDENTIFIER = org.eatbacon.swaggerhome;
				PRODUCT_NAME = SFTHClient;
				PROVISIONING_PROFILE = "";
				TARGETED_DEVICE_FAMILY = "1,2";
			};
			name = Debug;
		};
		EAD726901A05EBEC0001FA51 /* Release */ = {
			isa = XCBuildConfiguration;
			baseConfigurationReference = D814A246C17394CA26D28DAA /* Pods.release.xcconfig */;
			buildSettings = {
				ASSETCATALOG_COMPILER_APPICON_NAME = AppIcon;
				CODE_SIGN_IDENTITY = "iPhone Developer: tony@eatbacon.org (897AY8373U)";
				"CODE_SIGN_IDENTITY[sdk=iphoneos*]" = "iPhone Developer";
				INFOPLIST_FILE = SFTHClient/Info.plist;
				LD_RUNPATH_SEARCH_PATHS = "$(inherited) @executable_path/Frameworks";
				PRODUCT_BUNDLE_IDENTIFIER = org.eatbacon.swaggerhome;
				PRODUCT_NAME = SFTHClient;
				PROVISIONING_PROFILE = "";
				TARGETED_DEVICE_FAMILY = "1,2";
			};
			name = Release;
		};
		EAD726921A05EBEC0001FA51 /* Debug */ = {
			isa = XCBuildConfiguration;
			buildSettings = {
				BUNDLE_LOADER = "$(TEST_HOST)";
				"CODE_SIGN_IDENTITY[sdk=iphoneos*]" = "iPhone Developer";
				DEVELOPMENT_TEAM = 8856FS8TBG;
				FRAMEWORK_SEARCH_PATHS = (
					"$(SDKROOT)/Developer/Library/Frameworks",
					"$(inherited)",
				);
				GCC_PREPROCESSOR_DEFINITIONS = (
					"DEBUG=1",
					"$(inherited)",
				);
				INFOPLIST_FILE = SFTHClientTests/Info.plist;
				LD_RUNPATH_SEARCH_PATHS = "$(inherited) @executable_path/Frameworks @loader_path/Frameworks";
				PRODUCT_BUNDLE_IDENTIFIER = "org.eatbacon.$(PRODUCT_NAME:rfc1034identifier)";
				PRODUCT_NAME = "$(TARGET_NAME)";
				PROVISIONING_PROFILE = "";
				PROVISIONING_PROFILE_SPECIFIER = "";
				TEST_HOST = "$(BUILT_PRODUCTS_DIR)/SFTHClient.app/SFTHClient";
			};
			name = Debug;
		};
		EAD726931A05EBEC0001FA51 /* Release */ = {
			isa = XCBuildConfiguration;
			buildSettings = {
				BUNDLE_LOADER = "$(TEST_HOST)";
				"CODE_SIGN_IDENTITY[sdk=iphoneos*]" = "iPhone Developer";
				DEVELOPMENT_TEAM = 8856FS8TBG;
				FRAMEWORK_SEARCH_PATHS = (
					"$(SDKROOT)/Developer/Library/Frameworks",
					"$(inherited)",
				);
				INFOPLIST_FILE = SFTHClientTests/Info.plist;
				LD_RUNPATH_SEARCH_PATHS = "$(inherited) @executable_path/Frameworks @loader_path/Frameworks";
				PRODUCT_BUNDLE_IDENTIFIER = "org.eatbacon.$(PRODUCT_NAME:rfc1034identifier)";
				PRODUCT_NAME = "$(TARGET_NAME)";
				PROVISIONING_PROFILE = "";
				PROVISIONING_PROFILE_SPECIFIER = "";
				TEST_HOST = "$(BUILT_PRODUCTS_DIR)/SFTHClient.app/SFTHClient";
			};
			name = Release;
		};
/* End XCBuildConfiguration section */

/* Begin XCConfigurationList section */
		EAD726631A05EBEC0001FA51 /* Build configuration list for PBXProject "SFTHClient" */ = {
			isa = XCConfigurationList;
			buildConfigurations = (
				EAD7268C1A05EBEC0001FA51 /* Debug */,
				EAD7268D1A05EBEC0001FA51 /* Release */,
			);
			defaultConfigurationIsVisible = 0;
			defaultConfigurationName = Release;
		};
		EAD7268E1A05EBEC0001FA51 /* Build configuration list for PBXNativeTarget "SFTHClient" */ = {
			isa = XCConfigurationList;
			buildConfigurations = (
				EAD7268F1A05EBEC0001FA51 /* Debug */,
				EAD726901A05EBEC0001FA51 /* Release */,
			);
			defaultConfigurationIsVisible = 0;
			defaultConfigurationName = Release;
		};
		EAD726911A05EBEC0001FA51 /* Build configuration list for PBXNativeTarget "SFTHClientTests" */ = {
			isa = XCConfigurationList;
			buildConfigurations = (
				EAD726921A05EBEC0001FA51 /* Debug */,
				EAD726931A05EBEC0001FA51 /* Release */,
			);
			defaultConfigurationIsVisible = 0;
			defaultConfigurationName = Release;
		};
/* End XCConfigurationList section */
	};
	rootObject = EAD726601A05EBEC0001FA51 /* Project object */;
}
